
Microsoft Visual Studio Solution File, Format Version 12.00
# Visual Studio Version 16
VisualStudioVersion = 16.0.31727.386
MinimumVisualStudioVersion = 10.0.40219.1
Project("{2150E333-8FDC-42A3-9474-1A3956D46DE8}") = "src", "src", "{FC772867-31F3-4121-8359-643FB27318C5}"
EndProject
Project("{2150E333-8FDC-42A3-9474-1A3956D46DE8}") = "test", "test", "{9407F1D3-F29D-499D-ABF7-BE5FF6C93E20}"
EndProject
Project("{2150E333-8FDC-42A3-9474-1A3956D46DE8}") = "API", "API", "{3A1030AD-5648-417D-A789-42B624C7541C}"
EndProject
Project("{2150E333-8FDC-42A3-9474-1A3956D46DE8}") = "Core", "Core", "{38B6B2C5-4BD4-4DF7-B75D-4CB9AEF25F12}"
EndProject
Project("{2150E333-8FDC-42A3-9474-1A3956D46DE8}") = "Infrastructure", "Infrastructure", "{D0F20FCB-F07D-41DE-BA62-959F0656B0CA}"
EndProject
Project("{2150E333-8FDC-42A3-9474-1A3956D46DE8}") = "UI", "UI", "{64CE3AD8-EDE8-4B5C-AED1-CDFD8C45AB45}"
EndProject
Project("{9A19103F-16F7-4668-BE54-9A1E7A4F7556}") = "HR.LeaveManagement.Domain", "HR.LeaveManagement.Domain\HR.LeaveManagement.Domain.csproj", "{852BBBF1-0D41-40D7-A65C-333052878781}"
EndProject
Project("{9A19103F-16F7-4668-BE54-9A1E7A4F7556}") = "HR.LeaveManagement.Application", "HR.LeaveManagement.Application\HR.LeaveManagement.Application.csproj", "{3048117D-4EF9-4DC3-9520-F0B57ED2BDD8}"
EndProject
Project("{9A19103F-16F7-4668-BE54-9A1E7A4F7556}") = "HR.LeaveManagement.Infrastructure", "HR.LeaveManagement.Infrastructure\HR.LeaveManagement.Infrastructure.csproj", "{52F13356-61DC-4BE0-86D5-8588DB629E96}"
EndProject
Project("{9A19103F-16F7-4668-BE54-9A1E7A4F7556}") = "HR.LeaveManagement.Persistence", "HR.LeaveManagement.Persistence\HR.LeaveManagement.Persistence.csproj", "{ABE27273-5BF4-4BB1-BB36-DA927EE05FCA}"
EndProject
Project("{FAE04EC0-301F-11D3-BF4B-00C04F79EFBC}") = "HR.LeaveManagement.Api", "HR.LeaveManagement.Api\HR.LeaveManagement.Api.csproj", "{03BE0EF6-9AC1-43A0-B22A-8315092C6FEB}"
EndProject
Global
	GlobalSection(SolutionConfigurationPlatforms) = preSolution
		Debug|Any CPU = Debug|Any CPU
		Release|Any CPU = Release|Any CPU
	EndGlobalSection
	GlobalSection(ProjectConfigurationPlatforms) = postSolution
		{852BBBF1-0D41-40D7-A65C-333052878781}.Debug|Any CPU.ActiveCfg = Debug|Any CPU
		{852BBBF1-0D41-40D7-A65C-333052878781}.Debug|Any CPU.Build.0 = Debug|Any CPU
		{852BBBF1-0D41-40D7-A65C-333052878781}.Release|Any CPU.ActiveCfg = Release|Any CPU
		{852BBBF1-0D41-40D7-A65C-333052878781}.Release|Any CPU.Build.0 = Release|Any CPU
		{3048117D-4EF9-4DC3-9520-F0B57ED2BDD8}.Debug|Any CPU.ActiveCfg = Debug|Any CPU
		{3048117D-4EF9-4DC3-9520-F0B57ED2BDD8}.Debug|Any CPU.Build.0 = Debug|Any CPU
		{3048117D-4EF9-4DC3-9520-F0B57ED2BDD8}.Release|Any CPU.ActiveCfg = Release|Any CPU
		{3048117D-4EF9-4DC3-9520-F0B57ED2BDD8}.Release|Any CPU.Build.0 = Release|Any CPU
		{52F13356-61DC-4BE0-86D5-8588DB629E96}.Debug|Any CPU.ActiveCfg = Debug|Any CPU
		{52F13356-61DC-4BE0-86D5-8588DB629E96}.Debug|Any CPU.Build.0 = Debug|Any CPU
		{52F13356-61DC-4BE0-86D5-8588DB629E96}.Release|Any CPU.ActiveCfg = Release|Any CPU
		{52F13356-61DC-4BE0-86D5-8588DB629E96}.Release|Any CPU.Build.0 = Release|Any CPU
		{ABE27273-5BF4-4BB1-BB36-DA927EE05FCA}.Debug|Any CPU.ActiveCfg = Debug|Any CPU
		{ABE27273-5BF4-4BB1-BB36-DA927EE05FCA}.Debug|Any CPU.Build.0 = Debug|Any CPU
		{ABE27273-5BF4-4BB1-BB36-DA927EE05FCA}.Release|Any CPU.ActiveCfg = Release|Any CPU
		{ABE27273-5BF4-4BB1-BB36-DA927EE05FCA}.Release|Any CPU.Build.0 = Release|Any CPU
		{03BE0EF6-9AC1-43A0-B22A-8315092C6FEB}.Debug|Any CPU.ActiveCfg = Debug|Any CPU
		{03BE0EF6-9AC1-43A0-B22A-8315092C6FEB}.Debug|Any CPU.Build.0 = Debug|Any CPU
		{03BE0EF6-9AC1-43A0-B22A-8315092C6FEB}.Release|Any CPU.ActiveCfg = Release|Any CPU
		{03BE0EF6-9AC1-43A0-B22A-8315092C6FEB}.Release|Any CPU.Build.0 = Release|Any CPU
	EndGlobalSection
	GlobalSection(SolutionProperties) = preSolution
		HideSolutionNode = FALSE
	EndGlobalSection
	GlobalSection(NestedProjects) = preSolution
		{3A1030AD-5648-417D-A789-42B624C7541C} = {FC772867-31F3-4121-8359-643FB27318C5}
		{38B6B2C5-4BD4-4DF7-B75D-4CB9AEF25F12} = {FC772867-31F3-4121-8359-643FB27318C5}
		{D0F20FCB-F07D-41DE-BA62-959F0656B0CA} = {FC772867-31F3-4121-8359-643FB27318C5}
		{64CE3AD8-EDE8-4B5C-AED1-CDFD8C45AB45} = {FC772867-31F3-4121-8359-643FB27318C5}
		{852BBBF1-0D41-40D7-A65C-333052878781} = {38B6B2C5-4BD4-4DF7-B75D-4CB9AEF25F12}
		{3048117D-4EF9-4DC3-9520-F0B57ED2BDD8} = {38B6B2C5-4BD4-4DF7-B75D-4CB9AEF25F12}
		{52F13356-61DC-4BE0-86D5-8588DB629E96} = {D0F20FCB-F07D-41DE-BA62-959F0656B0CA}
		{ABE27273-5BF4-4BB1-BB36-DA927EE05FCA} = {D0F20FCB-F07D-41DE-BA62-959F0656B0CA}
		{03BE0EF6-9AC1-43A0-B22A-8315092C6FEB} = {3A1030AD-5648-417D-A789-42B624C7541C}
	EndGlobalSection
	GlobalSection(ExtensibilityGlobals) = postSolution
		SolutionGuid = {F7C2B716-0B79-4EAE-89E2-F95EAF4424E0}
	EndGlobalSection
EndGlobal
